// !$*UTF8*$!
{
	archiveVersion = 1;
	classes = {
	};
	objectVersion = 50;
	objects = {

/* Begin PBXBuildFile section */
		FBD7154527634435003EEC79 /* AppDelegate.swift in Sources */ = {isa = PBXBuildFile; fileRef = FBD7154427634435003EEC79 /* AppDelegate.swift */; };
		FBD7154727634435003EEC79 /* SceneDelegate.swift in Sources */ = {isa = PBXBuildFile; fileRef = FBD7154627634435003EEC79 /* SceneDelegate.swift */; };
		FBD7154C27634435003EEC79 /* Main.storyboard in Resources */ = {isa = PBXBuildFile; fileRef = FBD7154A27634435003EEC79 /* Main.storyboard */; };
		FBD7154E27634436003EEC79 /* Assets.xcassets in Resources */ = {isa = PBXBuildFile; fileRef = FBD7154D27634436003EEC79 /* Assets.xcassets */; };
		FBD7155127634436003EEC79 /* LaunchScreen.storyboard in Resources */ = {isa = PBXBuildFile; fileRef = FBD7154F27634436003EEC79 /* LaunchScreen.storyboard */; };
		FBD7155C27634436003EEC79 /* CollectionsTests.swift in Sources */ = {isa = PBXBuildFile; fileRef = FBD7155B27634436003EEC79 /* CollectionsTests.swift */; };
		FBD7156727634436003EEC79 /* CollectionsUITests.swift in Sources */ = {isa = PBXBuildFile; fileRef = FBD7156627634436003EEC79 /* CollectionsUITests.swift */; };
		FBD715752763478A003EEC79 /* CollectionsTableViewController.swift in Sources */ = {isa = PBXBuildFile; fileRef = FBD715742763478A003EEC79 /* CollectionsTableViewController.swift */; };
		FBD715772763616D003EEC79 /* ArrayCollectionViewController.swift in Sources */ = {isa = PBXBuildFile; fileRef = FBD715762763616D003EEC79 /* ArrayCollectionViewController.swift */; };
		FBD71579276374E3003EEC79 /* FirstCollectionViewCell.swift in Sources */ = {isa = PBXBuildFile; fileRef = FBD71578276374E3003EEC79 /* FirstCollectionViewCell.swift */; };
		FBD7157B276375F8003EEC79 /* OtherCollectionViewCell.swift in Sources */ = {isa = PBXBuildFile; fileRef = FBD7157A276375F8003EEC79 /* OtherCollectionViewCell.swift */; };
		FBD7157D2764908C003EEC79 /* ArrayCell.swift in Sources */ = {isa = PBXBuildFile; fileRef = FBD7157C2764908C003EEC79 /* ArrayCell.swift */; };
		FBD7157F277C3941003EEC79 /* SetViewController.swift in Sources */ = {isa = PBXBuildFile; fileRef = FBD7157E277C3941003EEC79 /* SetViewController.swift */; };
/* End PBXBuildFile section */

/* Begin PBXContainerItemProxy section */
		FBD7155827634436003EEC79 /* PBXContainerItemProxy */ = {
			isa = PBXContainerItemProxy;
			containerPortal = FBD7153927634435003EEC79 /* Project object */;
			proxyType = 1;
			remoteGlobalIDString = FBD7154027634435003EEC79;
			remoteInfo = Collections;
		};
		FBD7156327634436003EEC79 /* PBXContainerItemProxy */ = {
			isa = PBXContainerItemProxy;
			containerPortal = FBD7153927634435003EEC79 /* Project object */;
			proxyType = 1;
			remoteGlobalIDString = FBD7154027634435003EEC79;
			remoteInfo = Collections;
		};
/* End PBXContainerItemProxy section */

/* Begin PBXFileReference section */
		FBD7154127634435003EEC79 /* Collections.app */ = {isa = PBXFileReference; explicitFileType = wrapper.application; includeInIndex = 0; path = Collections.app; sourceTree = BUILT_PRODUCTS_DIR; };
		FBD7154427634435003EEC79 /* AppDelegate.swift */ = {isa = PBXFileReference; lastKnownFileType = sourcecode.swift; path = AppDelegate.swift; sourceTree = "<group>"; };
		FBD7154627634435003EEC79 /* SceneDelegate.swift */ = {isa = PBXFileReference; lastKnownFileType = sourcecode.swift; path = SceneDelegate.swift; sourceTree = "<group>"; };
		FBD7154B27634435003EEC79 /* Base */ = {isa = PBXFileReference; lastKnownFileType = file.storyboard; name = Base; path = Base.lproj/Main.storyboard; sourceTree = "<group>"; };
		FBD7154D27634436003EEC79 /* Assets.xcassets */ = {isa = PBXFileReference; lastKnownFileType = folder.assetcatalog; path = Assets.xcassets; sourceTree = "<group>"; };
		FBD7155027634436003EEC79 /* Base */ = {isa = PBXFileReference; lastKnownFileType = file.storyboard; name = Base; path = Base.lproj/LaunchScreen.storyboard; sourceTree = "<group>"; };
		FBD7155227634436003EEC79 /* Info.plist */ = {isa = PBXFileReference; lastKnownFileType = text.plist.xml; path = Info.plist; sourceTree = "<group>"; };
		FBD7155727634436003EEC79 /* CollectionsTests.xctest */ = {isa = PBXFileReference; explicitFileType = wrapper.cfbundle; includeInIndex = 0; path = CollectionsTests.xctest; sourceTree = BUILT_PRODUCTS_DIR; };
		FBD7155B27634436003EEC79 /* CollectionsTests.swift */ = {isa = PBXFileReference; lastKnownFileType = sourcecode.swift; path = CollectionsTests.swift; sourceTree = "<group>"; };
		FBD7155D27634436003EEC79 /* Info.plist */ = {isa = PBXFileReference; lastKnownFileType = text.plist.xml; path = Info.plist; sourceTree = "<group>"; };
		FBD7156227634436003EEC79 /* CollectionsUITests.xctest */ = {isa = PBXFileReference; explicitFileType = wrapper.cfbundle; includeInIndex = 0; path = CollectionsUITests.xctest; sourceTree = BUILT_PRODUCTS_DIR; };
		FBD7156627634436003EEC79 /* CollectionsUITests.swift */ = {isa = PBXFileReference; lastKnownFileType = sourcecode.swift; path = CollectionsUITests.swift; sourceTree = "<group>"; };
		FBD7156827634436003EEC79 /* Info.plist */ = {isa = PBXFileReference; lastKnownFileType = text.plist.xml; path = Info.plist; sourceTree = "<group>"; };
		FBD715742763478A003EEC79 /* CollectionsTableViewController.swift */ = {isa = PBXFileReference; lastKnownFileType = sourcecode.swift; path = CollectionsTableViewController.swift; sourceTree = "<group>"; };
		FBD715762763616D003EEC79 /* ArrayCollectionViewController.swift */ = {isa = PBXFileReference; lastKnownFileType = sourcecode.swift; path = ArrayCollectionViewController.swift; sourceTree = "<group>"; };
		FBD71578276374E3003EEC79 /* FirstCollectionViewCell.swift */ = {isa = PBXFileReference; lastKnownFileType = sourcecode.swift; path = FirstCollectionViewCell.swift; sourceTree = "<group>"; };
		FBD7157A276375F8003EEC79 /* OtherCollectionViewCell.swift */ = {isa = PBXFileReference; lastKnownFileType = sourcecode.swift; path = OtherCollectionViewCell.swift; sourceTree = "<group>"; };
		FBD7157C2764908C003EEC79 /* ArrayCell.swift */ = {isa = PBXFileReference; lastKnownFileType = sourcecode.swift; path = ArrayCell.swift; sourceTree = "<group>"; };
		FBD7157E277C3941003EEC79 /* SetViewController.swift */ = {isa = PBXFileReference; lastKnownFileType = sourcecode.swift; path = SetViewController.swift; sourceTree = "<group>"; };
/* End PBXFileReference section */

/* Begin PBXFrameworksBuildPhase section */
		FBD7153E27634435003EEC79 /* Frameworks */ = {
			isa = PBXFrameworksBuildPhase;
			buildActionMask = 2147483647;
			files = (
			);
			runOnlyForDeploymentPostprocessing = 0;
		};
		FBD7155427634436003EEC79 /* Frameworks */ = {
			isa = PBXFrameworksBuildPhase;
			buildActionMask = 2147483647;
			files = (
			);
			runOnlyForDeploymentPostprocessing = 0;
		};
		FBD7155F27634436003EEC79 /* Frameworks */ = {
			isa = PBXFrameworksBuildPhase;
			buildActionMask = 2147483647;
			files = (
			);
			runOnlyForDeploymentPostprocessing = 0;
		};
/* End PBXFrameworksBuildPhase section */

/* Begin PBXGroup section */
		FBD7153827634435003EEC79 = {
			isa = PBXGroup;
			children = (
				FBD7154327634435003EEC79 /* Collections */,
				FBD7155A27634436003EEC79 /* CollectionsTests */,
				FBD7156527634436003EEC79 /* CollectionsUITests */,
				FBD7154227634435003EEC79 /* Products */,
			);
			sourceTree = "<group>";
		};
		FBD7154227634435003EEC79 /* Products */ = {
			isa = PBXGroup;
			children = (
				FBD7154127634435003EEC79 /* Collections.app */,
				FBD7155727634436003EEC79 /* CollectionsTests.xctest */,
				FBD7156227634436003EEC79 /* CollectionsUITests.xctest */,
			);
			name = Products;
			sourceTree = "<group>";
		};
		FBD7154327634435003EEC79 /* Collections */ = {
			isa = PBXGroup;
			children = (
				FBD7154427634435003EEC79 /* AppDelegate.swift */,
				FBD7154627634435003EEC79 /* SceneDelegate.swift */,
				FBD7154F27634436003EEC79 /* LaunchScreen.storyboard */,
				FBD7155227634436003EEC79 /* Info.plist */,
				FBD7154D27634436003EEC79 /* Assets.xcassets */,
				FBD715742763478A003EEC79 /* CollectionsTableViewController.swift */,
				FBD71578276374E3003EEC79 /* FirstCollectionViewCell.swift */,
				FBD7157A276375F8003EEC79 /* OtherCollectionViewCell.swift */,
				FBD715762763616D003EEC79 /* ArrayCollectionViewController.swift */,
				FBD7157C2764908C003EEC79 /* ArrayCell.swift */,
				FBD7157E277C3941003EEC79 /* SetViewController.swift */,
				FBD7154A27634435003EEC79 /* Main.storyboard */,
			);
			path = Collections;
			sourceTree = "<group>";
		};
		FBD7155A27634436003EEC79 /* CollectionsTests */ = {
			isa = PBXGroup;
			children = (
				FBD7155B27634436003EEC79 /* CollectionsTests.swift */,
				FBD7155D27634436003EEC79 /* Info.plist */,
			);
			path = CollectionsTests;
			sourceTree = "<group>";
		};
		FBD7156527634436003EEC79 /* CollectionsUITests */ = {
			isa = PBXGroup;
			children = (
				FBD7156627634436003EEC79 /* CollectionsUITests.swift */,
				FBD7156827634436003EEC79 /* Info.plist */,
			);
			path = CollectionsUITests;
			sourceTree = "<group>";
		};
/* End PBXGroup section */

/* Begin PBXNativeTarget section */
		FBD7154027634435003EEC79 /* Collections */ = {
			isa = PBXNativeTarget;
			buildConfigurationList = FBD7156B27634436003EEC79 /* Build configuration list for PBXNativeTarget "Collections" */;
			buildPhases = (
				FBD7153D27634435003EEC79 /* Sources */,
				FBD7153E27634435003EEC79 /* Frameworks */,
				FBD7153F27634435003EEC79 /* Resources */,
			);
			buildRules = (
			);
			dependencies = (
			);
			name = Collections;
			productName = Collections;
			productReference = FBD7154127634435003EEC79 /* Collections.app */;
			productType = "com.apple.product-type.application";
		};
		FBD7155627634436003EEC79 /* CollectionsTests */ = {
			isa = PBXNativeTarget;
			buildConfigurationList = FBD7156E27634436003EEC79 /* Build configuration list for PBXNativeTarget "CollectionsTests" */;
			buildPhases = (
				FBD7155327634436003EEC79 /* Sources */,
				FBD7155427634436003EEC79 /* Frameworks */,
				FBD7155527634436003EEC79 /* Resources */,
			);
			buildRules = (
			);
			dependencies = (
				FBD7155927634436003EEC79 /* PBXTargetDependency */,
			);
			name = CollectionsTests;
			productName = CollectionsTests;
			productReference = FBD7155727634436003EEC79 /* CollectionsTests.xctest */;
			productType = "com.apple.product-type.bundle.unit-test";
		};
		FBD7156127634436003EEC79 /* CollectionsUITests */ = {
			isa = PBXNativeTarget;
			buildConfigurationList = FBD7157127634436003EEC79 /* Build configuration list for PBXNativeTarget "CollectionsUITests" */;
			buildPhases = (
				FBD7155E27634436003EEC79 /* Sources */,
				FBD7155F27634436003EEC79 /* Frameworks */,
				FBD7156027634436003EEC79 /* Resources */,
			);
			buildRules = (
			);
			dependencies = (
				FBD7156427634436003EEC79 /* PBXTargetDependency */,
			);
			name = CollectionsUITests;
			productName = CollectionsUITests;
			productReference = FBD7156227634436003EEC79 /* CollectionsUITests.xctest */;
			productType = "com.apple.product-type.bundle.ui-testing";
		};
/* End PBXNativeTarget section */

/* Begin PBXProject section */
		FBD7153927634435003EEC79 /* Project object */ = {
			isa = PBXProject;
			attributes = {
				LastSwiftUpdateCheck = 1250;
				LastUpgradeCheck = 1250;
				TargetAttributes = {
					FBD7154027634435003EEC79 = {
						CreatedOnToolsVersion = 12.5.1;
					};
					FBD7155627634436003EEC79 = {
						CreatedOnToolsVersion = 12.5.1;
						TestTargetID = FBD7154027634435003EEC79;
					};
					FBD7156127634436003EEC79 = {
						CreatedOnToolsVersion = 12.5.1;
						TestTargetID = FBD7154027634435003EEC79;
					};
				};
			};
			buildConfigurationList = FBD7153C27634435003EEC79 /* Build configuration list for PBXProject "Collections" */;
			compatibilityVersion = "Xcode 9.3";
			developmentRegion = en;
			hasScannedForEncodings = 0;
			knownRegions = (
				en,
				Base,
			);
			mainGroup = FBD7153827634435003EEC79;
			productRefGroup = FBD7154227634435003EEC79 /* Products */;
			projectDirPath = "";
			projectRoot = "";
			targets = (
				FBD7154027634435003EEC79 /* Collections */,
				FBD7155627634436003EEC79 /* CollectionsTests */,
				FBD7156127634436003EEC79 /* CollectionsUITests */,
			);
		};
/* End PBXProject section */

/* Begin PBXResourcesBuildPhase section */
		FBD7153F27634435003EEC79 /* Resources */ = {
			isa = PBXResourcesBuildPhase;
			buildActionMask = 2147483647;
			files = (
				FBD7155127634436003EEC79 /* LaunchScreen.storyboard in Resources */,
				FBD7154E27634436003EEC79 /* Assets.xcassets in Resources */,
				FBD7154C27634435003EEC79 /* Main.storyboard in Resources */,
			);
			runOnlyForDeploymentPostprocessing = 0;
		};
		FBD7155527634436003EEC79 /* Resources */ = {
			isa = PBXResourcesBuildPhase;
			buildActionMask = 2147483647;
			files = (
			);
			runOnlyForDeploymentPostprocessing = 0;
		};
		FBD7156027634436003EEC79 /* Resources */ = {
			isa = PBXResourcesBuildPhase;
			buildActionMask = 2147483647;
			files = (
			);
			runOnlyForDeploymentPostprocessing = 0;
		};
/* End PBXResourcesBuildPhase section */

/* Begin PBXSourcesBuildPhase section */
		FBD7153D27634435003EEC79 /* Sources */ = {
			isa = PBXSourcesBuildPhase;
			buildActionMask = 2147483647;
			files = (
				FBD71579276374E3003EEC79 /* FirstCollectionViewCell.swift in Sources */,
				FBD7157D2764908C003EEC79 /* ArrayCell.swift in Sources */,
				FBD715772763616D003EEC79 /* ArrayCollectionViewController.swift in Sources */,
				FBD715752763478A003EEC79 /* CollectionsTableViewController.swift in Sources */,
				FBD7157B276375F8003EEC79 /* OtherCollectionViewCell.swift in Sources */,
				FBD7157F277C3941003EEC79 /* SetViewController.swift in Sources */,
				FBD7154527634435003EEC79 /* AppDelegate.swift in Sources */,
				FBD7154727634435003EEC79 /* SceneDelegate.swift in Sources */,
			);
			runOnlyForDeploymentPostprocessing = 0;
		};
		FBD7155327634436003EEC79 /* Sources */ = {
			isa = PBXSourcesBuildPhase;
			buildActionMask = 2147483647;
			files = (
				FBD7155C27634436003EEC79 /* CollectionsTests.swift in Sources */,
			);
			runOnlyForDeploymentPostprocessing = 0;
		};
		FBD7155E27634436003EEC79 /* Sources */ = {
			isa = PBXSourcesBuildPhase;
			buildActionMask = 2147483647;
			files = (
				FBD7156727634436003EEC79 /* CollectionsUITests.swift in Sources */,
			);
			runOnlyForDeploymentPostprocessing = 0;
		};
/* End PBXSourcesBuildPhase section */

/* Begin PBXTargetDependency section */
		FBD7155927634436003EEC79 /* PBXTargetDependency */ = {
			isa = PBXTargetDependency;
			target = FBD7154027634435003EEC79 /* Collections */;
			targetProxy = FBD7155827634436003EEC79 /* PBXContainerItemProxy */;
		};
		FBD7156427634436003EEC79 /* PBXTargetDependency */ = {
			isa = PBXTargetDependency;
			target = FBD7154027634435003EEC79 /* Collections */;
			targetProxy = FBD7156327634436003EEC79 /* PBXContainerItemProxy */;
		};
/* End PBXTargetDependency section */

/* Begin PBXVariantGroup section */
		FBD7154A27634435003EEC79 /* Main.storyboard */ = {
			isa = PBXVariantGroup;
			children = (
				FBD7154B27634435003EEC79 /* Base */,
			);
			name = Main.storyboard;
			sourceTree = "<group>";
		};
		FBD7154F27634436003EEC79 /* LaunchScreen.storyboard */ = {
			isa = PBXVariantGroup;
			children = (
				FBD7155027634436003EEC79 /* Base */,
			);
			name = LaunchScreen.storyboard;
			sourceTree = "<group>";
		};
/* End PBXVariantGroup section */

/* Begin XCBuildConfiguration section */
		FBD7156927634436003EEC79 /* Debug */ = {
			isa = XCBuildConfiguration;
			buildSettings = {
				ALWAYS_SEARCH_USER_PATHS = NO;
				CLANG_ANALYZER_NONNULL = YES;
				CLANG_ANALYZER_NUMBER_OBJECT_CONVERSION = YES_AGGRESSIVE;
				CLANG_CXX_LANGUAGE_STANDARD = "gnu++14";
				CLANG_CXX_LIBRARY = "libc++";
				CLANG_ENABLE_MODULES = YES;
				CLANG_ENABLE_OBJC_ARC = YES;
				CLANG_ENABLE_OBJC_WEAK = YES;
				CLANG_WARN_BLOCK_CAPTURE_AUTORELEASING = YES;
				CLANG_WARN_BOOL_CONVERSION = YES;
				CLANG_WARN_COMMA = YES;
				CLANG_WARN_CONSTANT_CONVERSION = YES;
				CLANG_WARN_DEPRECATED_OBJC_IMPLEMENTATIONS = YES;
				CLANG_WARN_DIRECT_OBJC_ISA_USAGE = YES_ERROR;
				CLANG_WARN_DOCUMENTATION_COMMENTS = YES;
				CLANG_WARN_EMPTY_BODY = YES;
				CLANG_WARN_ENUM_CONVERSION = YES;
				CLANG_WARN_INFINITE_RECURSION = YES;
				CLANG_WARN_INT_CONVERSION = YES;
				CLANG_WARN_NON_LITERAL_NULL_CONVERSION = YES;
				CLANG_WARN_OBJC_IMPLICIT_RETAIN_SELF = YES;
				CLANG_WARN_OBJC_LITERAL_CONVERSION = YES;
				CLANG_WARN_OBJC_ROOT_CLASS = YES_ERROR;
				CLANG_WARN_QUOTED_INCLUDE_IN_FRAMEWORK_HEADER = YES;
				CLANG_WARN_RANGE_LOOP_ANALYSIS = YES;
				CLANG_WARN_STRICT_PROTOTYPES = YES;
				CLANG_WARN_SUSPICIOUS_MOVE = YES;
				CLANG_WARN_UNGUARDED_AVAILABILITY = YES_AGGRESSIVE;
				CLANG_WARN_UNREACHABLE_CODE = YES;
				CLANG_WARN__DUPLICATE_METHOD_MATCH = YES;
				COPY_PHASE_STRIP = NO;
				DEBUG_INFORMATION_FORMAT = dwarf;
				ENABLE_STRICT_OBJC_MSGSEND = YES;
				ENABLE_TESTABILITY = YES;
				GCC_C_LANGUAGE_STANDARD = gnu11;
				GCC_DYNAMIC_NO_PIC = NO;
				GCC_NO_COMMON_BLOCKS = YES;
				GCC_OPTIMIZATION_LEVEL = 0;
				GCC_PREPROCESSOR_DEFINITIONS = (
					"DEBUG=1",
					"$(inherited)",
				);
				GCC_WARN_64_TO_32_BIT_CONVERSION = YES;
				GCC_WARN_ABOUT_RETURN_TYPE = YES_ERROR;
				GCC_WARN_UNDECLARED_SELECTOR = YES;
				GCC_WARN_UNINITIALIZED_AUTOS = YES_AGGRESSIVE;
				GCC_WARN_UNUSED_FUNCTION = YES;
				GCC_WARN_UNUSED_VARIABLE = YES;
				IPHONEOS_DEPLOYMENT_TARGET = 14.5;
				MTL_ENABLE_DEBUG_INFO = INCLUDE_SOURCE;
				MTL_FAST_MATH = YES;
				ONLY_ACTIVE_ARCH = YES;
				SDKROOT = iphoneos;
				SWIFT_ACTIVE_COMPILATION_CONDITIONS = DEBUG;
				SWIFT_OPTIMIZATION_LEVEL = "-Onone";
			};
			name = Debug;
		};
		FBD7156A27634436003EEC79 /* Release */ = {
			isa = XCBuildConfiguration;
			buildSettings = {
				ALWAYS_SEARCH_USER_PATHS = NO;
				CLANG_ANALYZER_NONNULL = YES;
				CLANG_ANALYZER_NUMBER_OBJECT_CONVERSION = YES_AGGRESSIVE;
				CLANG_CXX_LANGUAGE_STANDARD = "gnu++14";
				CLANG_CXX_LIBRARY = "libc++";
				CLANG_ENABLE_MODULES = YES;
				CLANG_ENABLE_OBJC_ARC = YES;
				CLANG_ENABLE_OBJC_WEAK = YES;
				CLANG_WARN_BLOCK_CAPTURE_AUTORELEASING = YES;
				CLANG_WARN_BOOL_CONVERSION = YES;
				CLANG_WARN_COMMA = YES;
				CLANG_WARN_CONSTANT_CONVERSION = YES;
				CLANG_WARN_DEPRECATED_OBJC_IMPLEMENTATIONS = YES;
				CLANG_WARN_DIRECT_OBJC_ISA_USAGE = YES_ERROR;
				CLANG_WARN_DOCUMENTATION_COMMENTS = YES;
				CLANG_WARN_EMPTY_BODY = YES;
				CLANG_WARN_ENUM_CONVERSION = YES;
				CLANG_WARN_INFINITE_RECURSION = YES;
				CLANG_WARN_INT_CONVERSION = YES;
				CLANG_WARN_NON_LITERAL_NULL_CONVERSION = YES;
				CLANG_WARN_OBJC_IMPLICIT_RETAIN_SELF = YES;
				CLANG_WARN_OBJC_LITERAL_CONVERSION = YES;
				CLANG_WARN_OBJC_ROOT_CLASS = YES_ERROR;
				CLANG_WARN_QUOTED_INCLUDE_IN_FRAMEWORK_HEADER = YES;
				CLANG_WARN_RANGE_LOOP_ANALYSIS = YES;
				CLANG_WARN_STRICT_PROTOTYPES = YES;
				CLANG_WARN_SUSPICIOUS_MOVE = YES;
				CLANG_WARN_UNGUARDED_AVAILABILITY = YES_AGGRESSIVE;
				CLANG_WARN_UNREACHABLE_CODE = YES;
				CLANG_WARN__DUPLICATE_METHOD_MATCH = YES;
				COPY_PHASE_STRIP = NO;
				DEBUG_INFORMATION_FORMAT = "dwarf-with-dsym";
				ENABLE_NS_ASSERTIONS = NO;
				ENABLE_STRICT_OBJC_MSGSEND = YES;
				GCC_C_LANGUAGE_STANDARD = gnu11;
				GCC_NO_COMMON_BLOCKS = YES;
				GCC_WARN_64_TO_32_BIT_CONVERSION = YES;
				GCC_WARN_ABOUT_RETURN_TYPE = YES_ERROR;
				GCC_WARN_UNDECLARED_SELECTOR = YES;
				GCC_WARN_UNINITIALIZED_AUTOS = YES_AGGRESSIVE;
				GCC_WARN_UNUSED_FUNCTION = YES;
				GCC_WARN_UNUSED_VARIABLE = YES;
				IPHONEOS_DEPLOYMENT_TARGET = 14.5;
				MTL_ENABLE_DEBUG_INFO = NO;
				MTL_FAST_MATH = YES;
				SDKROOT = iphoneos;
				SWIFT_COMPILATION_MODE = wholemodule;
				SWIFT_OPTIMIZATION_LEVEL = "-O";
				VALIDATE_PRODUCT = YES;
			};
			name = Release;
		};
		FBD7156C27634436003EEC79 /* Debug */ = {
			isa = XCBuildConfiguration;
			buildSettings = {
				ASSETCATALOG_COMPILER_APPICON_NAME = AppIcon;
				ASSETCATALOG_COMPILER_GLOBAL_ACCENT_COLOR_NAME = AccentColor;
				CODE_SIGN_STYLE = Automatic;
				DEVELOPMENT_TEAM = DVBMX6UX88;
				INFOPLIST_FILE = Collections/Info.plist;
				LD_RUNPATH_SEARCH_PATHS = (
					"$(inherited)",
					"@executable_path/Frameworks",
				);
				PRODUCT_BUNDLE_IDENTIFIER = "Khryapin-Vitalya.Collections";
				PRODUCT_NAME = "$(TARGET_NAME)";
				SWIFT_VERSION = 5.0;
				TARGETED_DEVICE_FAMILY = "1,2";
			};
			name = Debug;
		};
		FBD7156D27634436003EEC79 /* Release */ = {
			isa = XCBuildConfiguration;
			buildSettings = {
				ASSETCATALOG_COMPILER_APPICON_NAME = AppIcon;
				ASSETCATALOG_COMPILER_GLOBAL_ACCENT_COLOR_NAME = AccentColor;
				CODE_SIGN_STYLE = Automatic;
				DEVELOPMENT_TEAM = DVBMX6UX88;
				INFOPLIST_FILE = Collections/Info.plist;
				LD_RUNPATH_SEARCH_PATHS = (
					"$(inherited)",
					"@executable_path/Frameworks",
				);
				PRODUCT_BUNDLE_IDENTIFIER = "Khryapin-Vitalya.Collections";
				PRODUCT_NAME = "$(TARGET_NAME)";
				SWIFT_VERSION = 5.0;
				TARGETED_DEVICE_FAMILY = "1,2";
			};
			name = Release;
		};
		FBD7156F27634436003EEC79 /* Debug */ = {
			isa = XCBuildConfiguration;
			buildSettings = {
				ALWAYS_EMBED_SWIFT_STANDARD_LIBRARIES = YES;
				BUNDLE_LOADER = "$(TEST_HOST)";
				CODE_SIGN_STYLE = Automatic;
				DEVELOPMENT_TEAM = DVBMX6UX88;
				INFOPLIST_FILE = CollectionsTests/Info.plist;
				IPHONEOS_DEPLOYMENT_TARGET = 14.5;
				LD_RUNPATH_SEARCH_PATHS = (
					"$(inherited)",
					"@executable_path/Frameworks",
					"@loader_path/Frameworks",
				);
				PRODUCT_BUNDLE_IDENTIFIER = "Khryapin-Vitalya.CollectionsTests";
				PRODUCT_NAME = "$(TARGET_NAME)";
				SWIFT_VERSION = 5.0;
				TARGETED_DEVICE_FAMILY = "1,2";
				TEST_HOST = "$(BUILT_PRODUCTS_DIR)/Collections.app/Collections";
			};
			name = Debug;
		};
		FBD7157027634436003EEC79 /* Release */ = {
			isa = XCBuildConfiguration;
			buildSettings = {
				ALWAYS_EMBED_SWIFT_STANDARD_LIBRARIES = YES;
				BUNDLE_LOADER = "$(TEST_HOST)";
				CODE_SIGN_STYLE = Automatic;
				DEVELOPMENT_TEAM = DVBMX6UX88;
				INFOPLIST_FILE = CollectionsTests/Info.plist;
				IPHONEOS_DEPLOYMENT_TARGET = 14.5;
				LD_RUNPATH_SEARCH_PATHS = (
					"$(inherited)",
					"@executable_path/Frameworks",
					"@loader_path/Frameworks",
				);
				PRODUCT_BUNDLE_IDENTIFIER = "Khryapin-Vitalya.CollectionsTests";
				PRODUCT_NAME = "$(TARGET_NAME)";
				SWIFT_VERSION = 5.0;
				TARGETED_DEVICE_FAMILY = "1,2";
				TEST_HOST = "$(BUILT_PRODUCTS_DIR)/Collections.app/Collections";
			};
			name = Release;
		};
		FBD7157227634436003EEC79 /* Debug */ = {
			isa = XCBuildConfiguration;
			buildSettings = {
				ALWAYS_EMBED_SWIFT_STANDARD_LIBRARIES = YES;
				CODE_SIGN_STYLE = Automatic;
				DEVELOPMENT_TEAM = DVBMX6UX88;
				INFOPLIST_FILE = CollectionsUITests/Info.plist;
				LD_RUNPATH_SEARCH_PATHS = (
					"$(inherited)",
					"@executable_path/Frameworks",
					"@loader_path/Frameworks",
				);
				PRODUCT_BUNDLE_IDENTIFIER = "Khryapin-Vitalya.CollectionsUITests";
				PRODUCT_NAME = "$(TARGET_NAME)";
				SWIFT_VERSION = 5.0;
				TARGETED_DEVICE_FAMILY = "1,2";
				TEST_TARGET_NAME = Collections;
			};
			name = Debug;
		};
		FBD7157327634436003EEC79 /* Release */ = {
			isa = XCBuildConfiguration;
			buildSettings = {
				ALWAYS_EMBED_SWIFT_STANDARD_LIBRARIES = YES;
				CODE_SIGN_STYLE = Automatic;
				DEVELOPMENT_TEAM = DVBMX6UX88;
				INFOPLIST_FILE = CollectionsUITests/Info.plist;
				LD_RUNPATH_SEARCH_PATHS = (
					"$(inherited)",
					"@executable_path/Frameworks",
					"@loader_path/Frameworks",
				);
				PRODUCT_BUNDLE_IDENTIFIER = "Khryapin-Vitalya.CollectionsUITests";
				PRODUCT_NAME = "$(TARGET_NAME)";
				SWIFT_VERSION = 5.0;
				TARGETED_DEVICE_FAMILY = "1,2";
				TEST_TARGET_NAME = Collections;
			};
			name = Release;
		};
/* End XCBuildConfiguration section */

/* Begin XCConfigurationList section */
		FBD7153C27634435003EEC79 /* Build configuration list for PBXProject "Collections" */ = {
			isa = XCConfigurationList;
			buildConfigurations = (
				FBD7156927634436003EEC79 /* Debug */,
				FBD7156A27634436003EEC79 /* Release */,
			);
			defaultConfigurationIsVisible = 0;
			defaultConfigurationName = Release;
		};
		FBD7156B27634436003EEC79 /* Build configuration list for PBXNativeTarget "Collections" */ = {
			isa = XCConfigurationList;
			buildConfigurations = (
				FBD7156C27634436003EEC79 /* Debug */,
				FBD7156D27634436003EEC79 /* Release */,
			);
			defaultConfigurationIsVisible = 0;
			defaultConfigurationName = Release;
		};
		FBD7156E27634436003EEC79 /* Build configuration list for PBXNativeTarget "CollectionsTests" */ = {
			isa = XCConfigurationList;
			buildConfigurations = (
				FBD7156F27634436003EEC79 /* Debug */,
				FBD7157027634436003EEC79 /* Release */,
			);
			defaultConfigurationIsVisible = 0;
			defaultConfigurationName = Release;
		};
		FBD7157127634436003EEC79 /* Build configuration list for PBXNativeTarget "CollectionsUITests" */ = {
			isa = XCConfigurationList;
			buildConfigurations = (
				FBD7157227634436003EEC79 /* Debug */,
				FBD7157327634436003EEC79 /* Release */,
			);
			defaultConfigurationIsVisible = 0;
			defaultConfigurationName = Release;
		};
/* End XCConfigurationList section */
	};
	rootObject = FBD7153927634435003EEC79 /* Project object */;
}
